
Microsoft Visual Studio Solution File, Format Version 12.00
# Visual Studio Version 16
VisualStudioVersion = 16.0.29306.81
MinimumVisualStudioVersion = 10.0.40219.1
Project("{FAE04EC0-301F-11D3-BF4B-00C04F79EFBC}") = "CommerceBankWebsite", "CommerceBankWebsite\CommerceBankWebsite.csproj", "{B7496EEF-0133-4ADA-9850-15495B57BDD9}"
EndProject
Global
	GlobalSection(SolutionConfigurationPlatforms) = preSolution
		Debug|Any CPU = Debug|Any CPU
		Release|Any CPU = Release|Any CPU
	EndGlobalSection
	GlobalSection(ProjectConfigurationPlatforms) = postSolution
		{B7496EEF-0133-4ADA-9850-15495B57BDD9}.Debug|Any CPU.ActiveCfg = Debug|Any CPU
		{B7496EEF-0133-4ADA-9850-15495B57BDD9}.Debug|Any CPU.Build.0 = Debug|Any CPU
		{B7496EEF-0133-4ADA-9850-15495B57BDD9}.Release|Any CPU.ActiveCfg = Release|Any CPU
		{B7496EEF-0133-4ADA-9850-15495B57BDD9}.Release|Any CPU.Build.0 = Release|Any CPU
	EndGlobalSection
	GlobalSection(SolutionProperties) = preSolution
		HideSolutionNode = FALSE
	EndGlobalSection
	GlobalSection(ExtensibilityGlobals) = postSolution
		SolutionGuid = {6E7F7A22-7FCD-4266-9453-69F26406FA98}
	EndGlobalSection
EndGlobal
