
Microsoft Visual Studio Solution File, Format Version 12.00
# Visual Studio Version 16
VisualStudioVersion = 16.0.29306.81
MinimumVisualStudioVersion = 10.0.40219.1
Project("{FAE04EC0-301F-11D3-BF4B-00C04F79EFBC}") = "CommerceBankWebsite", "CommerceBankWebsite\CommerceBankWebsite.csproj", "{3C3CE73E-C647-4617-97CC-A1D7EDA45F3B}"
EndProject
Global
	GlobalSection(SolutionConfigurationPlatforms) = preSolution
		Debug|Any CPU = Debug|Any CPU
		Release|Any CPU = Release|Any CPU
	EndGlobalSection
	GlobalSection(ProjectConfigurationPlatforms) = postSolution
		{3C3CE73E-C647-4617-97CC-A1D7EDA45F3B}.Debug|Any CPU.ActiveCfg = Debug|Any CPU
		{3C3CE73E-C647-4617-97CC-A1D7EDA45F3B}.Debug|Any CPU.Build.0 = Debug|Any CPU
		{3C3CE73E-C647-4617-97CC-A1D7EDA45F3B}.Release|Any CPU.ActiveCfg = Release|Any CPU
		{3C3CE73E-C647-4617-97CC-A1D7EDA45F3B}.Release|Any CPU.Build.0 = Release|Any CPU
	EndGlobalSection
	GlobalSection(SolutionProperties) = preSolution
		HideSolutionNode = FALSE
	EndGlobalSection
	GlobalSection(ExtensibilityGlobals) = postSolution
		SolutionGuid = {5BE5FB76-6DB7-4A99-852D-CD05FEA4364E}
	EndGlobalSection
EndGlobal
